
Microsoft Visual Studio Solution File, Format Version 12.00
# Visual Studio Version 17
VisualStudioVersion = 17.9.34728.123
MinimumVisualStudioVersion = 10.0.40219.1
Project("{FAE04EC0-301F-11D3-BF4B-00C04F79EFBC}") = "MusicApp", "MusicApp.csproj", "{9558FD0C-C3E1-46FC-9D57-89B8A0BC495B}"
EndProject
Global
	GlobalSection(SolutionConfigurationPlatforms) = preSolution
		Debug|Any CPU = Debug|Any CPU
		Release|Any CPU = Release|Any CPU
	EndGlobalSection
	GlobalSection(ProjectConfigurationPlatforms) = postSolution
		{9558FD0C-C3E1-46FC-9D57-89B8A0BC495B}.Debug|Any CPU.ActiveCfg = Debug|Any CPU
		{9558FD0C-C3E1-46FC-9D57-89B8A0BC495B}.Debug|Any CPU.Build.0 = Debug|Any CPU
		{9558FD0C-C3E1-46FC-9D57-89B8A0BC495B}.Release|Any CPU.ActiveCfg = Release|Any CPU
		{9558FD0C-C3E1-46FC-9D57-89B8A0BC495B}.Release|Any CPU.Build.0 = Release|Any CPU
	EndGlobalSection
	GlobalSection(SolutionProperties) = preSolution
		HideSolutionNode = FALSE
	EndGlobalSection
	GlobalSection(ExtensibilityGlobals) = postSolution
		SolutionGuid = {BC7BA2DB-34FB-431E-8298-1C2882813FBB}
	EndGlobalSection
EndGlobal
